
Microsoft Visual Studio Solution File, Format Version 12.00
# Visual Studio 14
VisualStudioVersion = 14.0.25420.1
MinimumVisualStudioVersion = 10.0.40219.1
Project("{FAE04EC0-301F-11D3-BF4B-00C04F79EFBC}") = "App1.Droid", "App1\App1.Droid\App1.Droid.csproj", "{D93C646D-2936-45A6-B204-C74E2CB7795C}"
EndProject
Project("{FAE04EC0-301F-11D3-BF4B-00C04F79EFBC}") = "App1.iOS", "App1\App1.iOS\App1.iOS.csproj", "{55E16466-530E-4478-B961-39F7582B6270}"
EndProject
Project("{FAE04EC0-301F-11D3-BF4B-00C04F79EFBC}") = "App1.WinPhone", "App1\App1.WinPhone\App1.WinPhone.csproj", "{25AF6D44-785C-4C6E-A7CA-9EFC59694E78}"
EndProject
Project("{FAE04EC0-301F-11D3-BF4B-00C04F79EFBC}") = "App1.Windows", "App1\App1.Windows\App1.Windows.csproj", "{65C6CB67-E141-4FF4-98D9-2BE187DCDD84}"
EndProject
Project("{FAE04EC0-301F-11D3-BF4B-00C04F79EFBC}") = "App1", "App1\App1\App1.csproj", "{A1422F45-003C-4DB7-8257-E842769008F5}"
EndProject
Global
	GlobalSection(SolutionConfigurationPlatforms) = preSolution
		Ad-Hoc|Any CPU = Ad-Hoc|Any CPU
		Ad-Hoc|ARM = Ad-Hoc|ARM
		Ad-Hoc|iPhone = Ad-Hoc|iPhone
		Ad-Hoc|iPhoneSimulator = Ad-Hoc|iPhoneSimulator
		Ad-Hoc|x64 = Ad-Hoc|x64
		Ad-Hoc|x86 = Ad-Hoc|x86
		AppStore|Any CPU = AppStore|Any CPU
		AppStore|ARM = AppStore|ARM
		AppStore|iPhone = AppStore|iPhone
		AppStore|iPhoneSimulator = AppStore|iPhoneSimulator
		AppStore|x64 = AppStore|x64
		AppStore|x86 = AppStore|x86
		Debug|Any CPU = Debug|Any CPU
		Debug|ARM = Debug|ARM
		Debug|iPhone = Debug|iPhone
		Debug|iPhoneSimulator = Debug|iPhoneSimulator
		Debug|x64 = Debug|x64
		Debug|x86 = Debug|x86
		Release|Any CPU = Release|Any CPU
		Release|ARM = Release|ARM
		Release|iPhone = Release|iPhone
		Release|iPhoneSimulator = Release|iPhoneSimulator
		Release|x64 = Release|x64
		Release|x86 = Release|x86
	EndGlobalSection
	GlobalSection(ProjectConfigurationPlatforms) = postSolution
		{D93C646D-2936-45A6-B204-C74E2CB7795C}.Ad-Hoc|Any CPU.ActiveCfg = Release|Any CPU
		{D93C646D-2936-45A6-B204-C74E2CB7795C}.Ad-Hoc|Any CPU.Build.0 = Release|Any CPU
		{D93C646D-2936-45A6-B204-C74E2CB7795C}.Ad-Hoc|Any CPU.Deploy.0 = Release|Any CPU
		{D93C646D-2936-45A6-B204-C74E2CB7795C}.Ad-Hoc|ARM.ActiveCfg = Release|Any CPU
		{D93C646D-2936-45A6-B204-C74E2CB7795C}.Ad-Hoc|ARM.Build.0 = Release|Any CPU
		{D93C646D-2936-45A6-B204-C74E2CB7795C}.Ad-Hoc|ARM.Deploy.0 = Release|Any CPU
		{D93C646D-2936-45A6-B204-C74E2CB7795C}.Ad-Hoc|iPhone.ActiveCfg = Release|Any CPU
		{D93C646D-2936-45A6-B204-C74E2CB7795C}.Ad-Hoc|iPhone.Build.0 = Release|Any CPU
		{D93C646D-2936-45A6-B204-C74E2CB7795C}.Ad-Hoc|iPhone.Deploy.0 = Release|Any CPU
		{D93C646D-2936-45A6-B204-C74E2CB7795C}.Ad-Hoc|iPhoneSimulator.ActiveCfg = Release|Any CPU
		{D93C646D-2936-45A6-B204-C74E2CB7795C}.Ad-Hoc|iPhoneSimulator.Build.0 = Release|Any CPU
		{D93C646D-2936-45A6-B204-C74E2CB7795C}.Ad-Hoc|iPhoneSimulator.Deploy.0 = Release|Any CPU
		{D93C646D-2936-45A6-B204-C74E2CB7795C}.Ad-Hoc|x64.ActiveCfg = Release|Any CPU
		{D93C646D-2936-45A6-B204-C74E2CB7795C}.Ad-Hoc|x64.Build.0 = Release|Any CPU
		{D93C646D-2936-45A6-B204-C74E2CB7795C}.Ad-Hoc|x64.Deploy.0 = Release|Any CPU
		{D93C646D-2936-45A6-B204-C74E2CB7795C}.Ad-Hoc|x86.ActiveCfg = Release|Any CPU
		{D93C646D-2936-45A6-B204-C74E2CB7795C}.Ad-Hoc|x86.Build.0 = Release|Any CPU
		{D93C646D-2936-45A6-B204-C74E2CB7795C}.Ad-Hoc|x86.Deploy.0 = Release|Any CPU
		{D93C646D-2936-45A6-B204-C74E2CB7795C}.AppStore|Any CPU.ActiveCfg = Release|Any CPU
		{D93C646D-2936-45A6-B204-C74E2CB7795C}.AppStore|Any CPU.Build.0 = Release|Any CPU
		{D93C646D-2936-45A6-B204-C74E2CB7795C}.AppStore|Any CPU.Deploy.0 = Release|Any CPU
		{D93C646D-2936-45A6-B204-C74E2CB7795C}.AppStore|ARM.ActiveCfg = Release|Any CPU
		{D93C646D-2936-45A6-B204-C74E2CB7795C}.AppStore|ARM.Build.0 = Release|Any CPU
		{D93C646D-2936-45A6-B204-C74E2CB7795C}.AppStore|ARM.Deploy.0 = Release|Any CPU
		{D93C646D-2936-45A6-B204-C74E2CB7795C}.AppStore|iPhone.ActiveCfg = Release|Any CPU
		{D93C646D-2936-45A6-B204-C74E2CB7795C}.AppStore|iPhone.Build.0 = Release|Any CPU
		{D93C646D-2936-45A6-B204-C74E2CB7795C}.AppStore|iPhone.Deploy.0 = Release|Any CPU
		{D93C646D-2936-45A6-B204-C74E2CB7795C}.AppStore|iPhoneSimulator.ActiveCfg = Release|Any CPU
		{D93C646D-2936-45A6-B204-C74E2CB7795C}.AppStore|iPhoneSimulator.Build.0 = Release|Any CPU
		{D93C646D-2936-45A6-B204-C74E2CB7795C}.AppStore|iPhoneSimulator.Deploy.0 = Release|Any CPU
		{D93C646D-2936-45A6-B204-C74E2CB7795C}.AppStore|x64.ActiveCfg = Release|Any CPU
		{D93C646D-2936-45A6-B204-C74E2CB7795C}.AppStore|x64.Build.0 = Release|Any CPU
		{D93C646D-2936-45A6-B204-C74E2CB7795C}.AppStore|x64.Deploy.0 = Release|Any CPU
		{D93C646D-2936-45A6-B204-C74E2CB7795C}.AppStore|x86.ActiveCfg = Release|Any CPU
		{D93C646D-2936-45A6-B204-C74E2CB7795C}.AppStore|x86.Build.0 = Release|Any CPU
		{D93C646D-2936-45A6-B204-C74E2CB7795C}.AppStore|x86.Deploy.0 = Release|Any CPU
		{D93C646D-2936-45A6-B204-C74E2CB7795C}.Debug|Any CPU.ActiveCfg = Debug|Any CPU
		{D93C646D-2936-45A6-B204-C74E2CB7795C}.Debug|Any CPU.Build.0 = Debug|Any CPU
		{D93C646D-2936-45A6-B204-C74E2CB7795C}.Debug|Any CPU.Deploy.0 = Debug|Any CPU
		{D93C646D-2936-45A6-B204-C74E2CB7795C}.Debug|ARM.ActiveCfg = Debug|Any CPU
		{D93C646D-2936-45A6-B204-C74E2CB7795C}.Debug|ARM.Build.0 = Debug|Any CPU
		{D93C646D-2936-45A6-B204-C74E2CB7795C}.Debug|ARM.Deploy.0 = Debug|Any CPU
		{D93C646D-2936-45A6-B204-C74E2CB7795C}.Debug|iPhone.ActiveCfg = Debug|Any CPU
		{D93C646D-2936-45A6-B204-C74E2CB7795C}.Debug|iPhone.Build.0 = Debug|Any CPU
		{D93C646D-2936-45A6-B204-C74E2CB7795C}.Debug|iPhone.Deploy.0 = Debug|Any CPU
		{D93C646D-2936-45A6-B204-C74E2CB7795C}.Debug|iPhoneSimulator.ActiveCfg = Debug|Any CPU
		{D93C646D-2936-45A6-B204-C74E2CB7795C}.Debug|iPhoneSimulator.Build.0 = Debug|Any CPU
		{D93C646D-2936-45A6-B204-C74E2CB7795C}.Debug|iPhoneSimulator.Deploy.0 = Debug|Any CPU
		{D93C646D-2936-45A6-B204-C74E2CB7795C}.Debug|x64.ActiveCfg = Debug|Any CPU
		{D93C646D-2936-45A6-B204-C74E2CB7795C}.Debug|x64.Build.0 = Debug|Any CPU
		{D93C646D-2936-45A6-B204-C74E2CB7795C}.Debug|x64.Deploy.0 = Debug|Any CPU
		{D93C646D-2936-45A6-B204-C74E2CB7795C}.Debug|x86.ActiveCfg = Debug|Any CPU
		{D93C646D-2936-45A6-B204-C74E2CB7795C}.Debug|x86.Build.0 = Debug|Any CPU
		{D93C646D-2936-45A6-B204-C74E2CB7795C}.Debug|x86.Deploy.0 = Debug|Any CPU
		{D93C646D-2936-45A6-B204-C74E2CB7795C}.Release|Any CPU.ActiveCfg = Release|Any CPU
		{D93C646D-2936-45A6-B204-C74E2CB7795C}.Release|Any CPU.Build.0 = Release|Any CPU
		{D93C646D-2936-45A6-B204-C74E2CB7795C}.Release|Any CPU.Deploy.0 = Release|Any CPU
		{D93C646D-2936-45A6-B204-C74E2CB7795C}.Release|ARM.ActiveCfg = Release|Any CPU
		{D93C646D-2936-45A6-B204-C74E2CB7795C}.Release|ARM.Build.0 = Release|Any CPU
		{D93C646D-2936-45A6-B204-C74E2CB7795C}.Release|ARM.Deploy.0 = Release|Any CPU
		{D93C646D-2936-45A6-B204-C74E2CB7795C}.Release|iPhone.ActiveCfg = Release|Any CPU
		{D93C646D-2936-45A6-B204-C74E2CB7795C}.Release|iPhone.Build.0 = Release|Any CPU
		{D93C646D-2936-45A6-B204-C74E2CB7795C}.Release|iPhone.Deploy.0 = Release|Any CPU
		{D93C646D-2936-45A6-B204-C74E2CB7795C}.Release|iPhoneSimulator.ActiveCfg = Release|Any CPU
		{D93C646D-2936-45A6-B204-C74E2CB7795C}.Release|iPhoneSimulator.Build.0 = Release|Any CPU
		{D93C646D-2936-45A6-B204-C74E2CB7795C}.Release|iPhoneSimulator.Deploy.0 = Release|Any CPU
		{D93C646D-2936-45A6-B204-C74E2CB7795C}.Release|x64.ActiveCfg = Release|Any CPU
		{D93C646D-2936-45A6-B204-C74E2CB7795C}.Release|x64.Build.0 = Release|Any CPU
		{D93C646D-2936-45A6-B204-C74E2CB7795C}.Release|x64.Deploy.0 = Release|Any CPU
		{D93C646D-2936-45A6-B204-C74E2CB7795C}.Release|x86.ActiveCfg = Release|Any CPU
		{D93C646D-2936-45A6-B204-C74E2CB7795C}.Release|x86.Build.0 = Release|Any CPU
		{D93C646D-2936-45A6-B204-C74E2CB7795C}.Release|x86.Deploy.0 = Release|Any CPU
		{55E16466-530E-4478-B961-39F7582B6270}.Ad-Hoc|Any CPU.ActiveCfg = Ad-Hoc|iPhone
		{55E16466-530E-4478-B961-39F7582B6270}.Ad-Hoc|ARM.ActiveCfg = Ad-Hoc|iPhone
		{55E16466-530E-4478-B961-39F7582B6270}.Ad-Hoc|iPhone.ActiveCfg = Ad-Hoc|iPhone
		{55E16466-530E-4478-B961-39F7582B6270}.Ad-Hoc|iPhone.Build.0 = Ad-Hoc|iPhone
		{55E16466-530E-4478-B961-39F7582B6270}.Ad-Hoc|iPhoneSimulator.ActiveCfg = Ad-Hoc|iPhoneSimulator
		{55E16466-530E-4478-B961-39F7582B6270}.Ad-Hoc|iPhoneSimulator.Build.0 = Ad-Hoc|iPhoneSimulator
		{55E16466-530E-4478-B961-39F7582B6270}.Ad-Hoc|x64.ActiveCfg = Ad-Hoc|iPhone
		{55E16466-530E-4478-B961-39F7582B6270}.Ad-Hoc|x86.ActiveCfg = Ad-Hoc|iPhone
		{55E16466-530E-4478-B961-39F7582B6270}.AppStore|Any CPU.ActiveCfg = AppStore|iPhone
		{55E16466-530E-4478-B961-39F7582B6270}.AppStore|ARM.ActiveCfg = AppStore|iPhone
		{55E16466-530E-4478-B961-39F7582B6270}.AppStore|iPhone.ActiveCfg = AppStore|iPhone
		{55E16466-530E-4478-B961-39F7582B6270}.AppStore|iPhone.Build.0 = AppStore|iPhone
		{55E16466-530E-4478-B961-39F7582B6270}.AppStore|iPhoneSimulator.ActiveCfg = AppStore|iPhoneSimulator
		{55E16466-530E-4478-B961-39F7582B6270}.AppStore|iPhoneSimulator.Build.0 = AppStore|iPhoneSimulator
		{55E16466-530E-4478-B961-39F7582B6270}.AppStore|x64.ActiveCfg = AppStore|iPhone
		{55E16466-530E-4478-B961-39F7582B6270}.AppStore|x86.ActiveCfg = AppStore|iPhone
		{55E16466-530E-4478-B961-39F7582B6270}.Debug|Any CPU.ActiveCfg = Debug|iPhone
		{55E16466-530E-4478-B961-39F7582B6270}.Debug|ARM.ActiveCfg = Debug|iPhone
		{55E16466-530E-4478-B961-39F7582B6270}.Debug|iPhone.ActiveCfg = Debug|iPhone
		{55E16466-530E-4478-B961-39F7582B6270}.Debug|iPhone.Build.0 = Debug|iPhone
		{55E16466-530E-4478-B961-39F7582B6270}.Debug|iPhoneSimulator.ActiveCfg = Debug|iPhoneSimulator
		{55E16466-530E-4478-B961-39F7582B6270}.Debug|iPhoneSimulator.Build.0 = Debug|iPhoneSimulator
		{55E16466-530E-4478-B961-39F7582B6270}.Debug|x64.ActiveCfg = Debug|iPhone
		{55E16466-530E-4478-B961-39F7582B6270}.Debug|x86.ActiveCfg = Debug|iPhone
		{55E16466-530E-4478-B961-39F7582B6270}.Release|Any CPU.ActiveCfg = Release|iPhone
		{55E16466-530E-4478-B961-39F7582B6270}.Release|ARM.ActiveCfg = Release|iPhone
		{55E16466-530E-4478-B961-39F7582B6270}.Release|iPhone.ActiveCfg = Release|iPhone
		{55E16466-530E-4478-B961-39F7582B6270}.Release|iPhone.Build.0 = Release|iPhone
		{55E16466-530E-4478-B961-39F7582B6270}.Release|iPhoneSimulator.ActiveCfg = Release|iPhoneSimulator
		{55E16466-530E-4478-B961-39F7582B6270}.Release|iPhoneSimulator.Build.0 = Release|iPhoneSimulator
		{55E16466-530E-4478-B961-39F7582B6270}.Release|x64.ActiveCfg = Release|iPhone
		{55E16466-530E-4478-B961-39F7582B6270}.Release|x86.ActiveCfg = Release|iPhone
		{25AF6D44-785C-4C6E-A7CA-9EFC59694E78}.Ad-Hoc|Any CPU.ActiveCfg = Release|Any CPU
		{25AF6D44-785C-4C6E-A7CA-9EFC59694E78}.Ad-Hoc|Any CPU.Build.0 = Release|Any CPU
		{25AF6D44-785C-4C6E-A7CA-9EFC59694E78}.Ad-Hoc|Any CPU.Deploy.0 = Release|Any CPU
		{25AF6D44-785C-4C6E-A7CA-9EFC59694E78}.Ad-Hoc|ARM.ActiveCfg = Release|ARM
		{25AF6D44-785C-4C6E-A7CA-9EFC59694E78}.Ad-Hoc|ARM.Build.0 = Release|ARM
		{25AF6D44-785C-4C6E-A7CA-9EFC59694E78}.Ad-Hoc|ARM.Deploy.0 = Release|ARM
		{25AF6D44-785C-4C6E-A7CA-9EFC59694E78}.Ad-Hoc|iPhone.ActiveCfg = Release|Any CPU
		{25AF6D44-785C-4C6E-A7CA-9EFC59694E78}.Ad-Hoc|iPhone.Build.0 = Release|Any CPU
		{25AF6D44-785C-4C6E-A7CA-9EFC59694E78}.Ad-Hoc|iPhone.Deploy.0 = Release|Any CPU
		{25AF6D44-785C-4C6E-A7CA-9EFC59694E78}.Ad-Hoc|iPhoneSimulator.ActiveCfg = Release|Any CPU
		{25AF6D44-785C-4C6E-A7CA-9EFC59694E78}.Ad-Hoc|iPhoneSimulator.Build.0 = Release|Any CPU
		{25AF6D44-785C-4C6E-A7CA-9EFC59694E78}.Ad-Hoc|iPhoneSimulator.Deploy.0 = Release|Any CPU
		{25AF6D44-785C-4C6E-A7CA-9EFC59694E78}.Ad-Hoc|x64.ActiveCfg = Release|Any CPU
		{25AF6D44-785C-4C6E-A7CA-9EFC59694E78}.Ad-Hoc|x64.Build.0 = Release|Any CPU
		{25AF6D44-785C-4C6E-A7CA-9EFC59694E78}.Ad-Hoc|x64.Deploy.0 = Release|Any CPU
		{25AF6D44-785C-4C6E-A7CA-9EFC59694E78}.Ad-Hoc|x86.ActiveCfg = Release|x86
		{25AF6D44-785C-4C6E-A7CA-9EFC59694E78}.Ad-Hoc|x86.Build.0 = Release|x86
		{25AF6D44-785C-4C6E-A7CA-9EFC59694E78}.Ad-Hoc|x86.Deploy.0 = Release|x86
		{25AF6D44-785C-4C6E-A7CA-9EFC59694E78}.AppStore|Any CPU.ActiveCfg = Release|Any CPU
		{25AF6D44-785C-4C6E-A7CA-9EFC59694E78}.AppStore|Any CPU.Build.0 = Release|Any CPU
		{25AF6D44-785C-4C6E-A7CA-9EFC59694E78}.AppStore|Any CPU.Deploy.0 = Release|Any CPU
		{25AF6D44-785C-4C6E-A7CA-9EFC59694E78}.AppStore|ARM.ActiveCfg = Release|ARM
		{25AF6D44-785C-4C6E-A7CA-9EFC59694E78}.AppStore|ARM.Build.0 = Release|ARM
		{25AF6D44-785C-4C6E-A7CA-9EFC59694E78}.AppStore|ARM.Deploy.0 = Release|ARM
		{25AF6D44-785C-4C6E-A7CA-9EFC59694E78}.AppStore|iPhone.ActiveCfg = Release|Any CPU
		{25AF6D44-785C-4C6E-A7CA-9EFC59694E78}.AppStore|iPhone.Build.0 = Release|Any CPU
		{25AF6D44-785C-4C6E-A7CA-9EFC59694E78}.AppStore|iPhone.Deploy.0 = Release|Any CPU
		{25AF6D44-785C-4C6E-A7CA-9EFC59694E78}.AppStore|iPhoneSimulator.ActiveCfg = Release|Any CPU
		{25AF6D44-785C-4C6E-A7CA-9EFC59694E78}.AppStore|iPhoneSimulator.Build.0 = Release|Any CPU
		{25AF6D44-785C-4C6E-A7CA-9EFC59694E78}.AppStore|iPhoneSimulator.Deploy.0 = Release|Any CPU
		{25AF6D44-785C-4C6E-A7CA-9EFC59694E78}.AppStore|x64.ActiveCfg = Release|Any CPU
		{25AF6D44-785C-4C6E-A7CA-9EFC59694E78}.AppStore|x64.Build.0 = Release|Any CPU
		{25AF6D44-785C-4C6E-A7CA-9EFC59694E78}.AppStore|x64.Deploy.0 = Release|Any CPU
		{25AF6D44-785C-4C6E-A7CA-9EFC59694E78}.AppStore|x86.ActiveCfg = Release|x86
		{25AF6D44-785C-4C6E-A7CA-9EFC59694E78}.AppStore|x86.Build.0 = Release|x86
		{25AF6D44-785C-4C6E-A7CA-9EFC59694E78}.AppStore|x86.Deploy.0 = Release|x86
		{25AF6D44-785C-4C6E-A7CA-9EFC59694E78}.Debug|Any CPU.ActiveCfg = Debug|Any CPU
		{25AF6D44-785C-4C6E-A7CA-9EFC59694E78}.Debug|Any CPU.Build.0 = Debug|Any CPU
		{25AF6D44-785C-4C6E-A7CA-9EFC59694E78}.Debug|Any CPU.Deploy.0 = Debug|Any CPU
		{25AF6D44-785C-4C6E-A7CA-9EFC59694E78}.Debug|ARM.ActiveCfg = Debug|ARM
		{25AF6D44-785C-4C6E-A7CA-9EFC59694E78}.Debug|ARM.Build.0 = Debug|ARM
		{25AF6D44-785C-4C6E-A7CA-9EFC59694E78}.Debug|ARM.Deploy.0 = Debug|ARM
		{25AF6D44-785C-4C6E-A7CA-9EFC59694E78}.Debug|iPhone.ActiveCfg = Debug|Any CPU
		{25AF6D44-785C-4C6E-A7CA-9EFC59694E78}.Debug|iPhone.Build.0 = Debug|Any CPU
		{25AF6D44-785C-4C6E-A7CA-9EFC59694E78}.Debug|iPhone.Deploy.0 = Debug|Any CPU
		{25AF6D44-785C-4C6E-A7CA-9EFC59694E78}.Debug|iPhoneSimulator.ActiveCfg = Debug|Any CPU
		{25AF6D44-785C-4C6E-A7CA-9EFC59694E78}.Debug|iPhoneSimulator.Build.0 = Debug|Any CPU
		{25AF6D44-785C-4C6E-A7CA-9EFC59694E78}.Debug|iPhoneSimulator.Deploy.0 = Debug|Any CPU
		{25AF6D44-785C-4C6E-A7CA-9EFC59694E78}.Debug|x64.ActiveCfg = Debug|Any CPU
		{25AF6D44-785C-4C6E-A7CA-9EFC59694E78}.Debug|x64.Build.0 = Debug|Any CPU
		{25AF6D44-785C-4C6E-A7CA-9EFC59694E78}.Debug|x64.Deploy.0 = Debug|Any CPU
		{25AF6D44-785C-4C6E-A7CA-9EFC59694E78}.Debug|x86.ActiveCfg = Debug|x86
		{25AF6D44-785C-4C6E-A7CA-9EFC59694E78}.Debug|x86.Build.0 = Debug|x86
		{25AF6D44-785C-4C6E-A7CA-9EFC59694E78}.Debug|x86.Deploy.0 = Debug|x86
		{25AF6D44-785C-4C6E-A7CA-9EFC59694E78}.Release|Any CPU.ActiveCfg = Release|Any CPU
		{25AF6D44-785C-4C6E-A7CA-9EFC59694E78}.Release|Any CPU.Build.0 = Release|Any CPU
		{25AF6D44-785C-4C6E-A7CA-9EFC59694E78}.Release|Any CPU.Deploy.0 = Release|Any CPU
		{25AF6D44-785C-4C6E-A7CA-9EFC59694E78}.Release|ARM.ActiveCfg = Release|ARM
		{25AF6D44-785C-4C6E-A7CA-9EFC59694E78}.Release|ARM.Build.0 = Release|ARM
		{25AF6D44-785C-4C6E-A7CA-9EFC59694E78}.Release|ARM.Deploy.0 = Release|ARM
		{25AF6D44-785C-4C6E-A7CA-9EFC59694E78}.Release|iPhone.ActiveCfg = Release|Any CPU
		{25AF6D44-785C-4C6E-A7CA-9EFC59694E78}.Release|iPhone.Build.0 = Release|Any CPU
		{25AF6D44-785C-4C6E-A7CA-9EFC59694E78}.Release|iPhone.Deploy.0 = Release|Any CPU
		{25AF6D44-785C-4C6E-A7CA-9EFC59694E78}.Release|iPhoneSimulator.ActiveCfg = Release|Any CPU
		{25AF6D44-785C-4C6E-A7CA-9EFC59694E78}.Release|iPhoneSimulator.Build.0 = Release|Any CPU
		{25AF6D44-785C-4C6E-A7CA-9EFC59694E78}.Release|iPhoneSimulator.Deploy.0 = Release|Any CPU
		{25AF6D44-785C-4C6E-A7CA-9EFC59694E78}.Release|x64.ActiveCfg = Release|Any CPU
		{25AF6D44-785C-4C6E-A7CA-9EFC59694E78}.Release|x64.Build.0 = Release|Any CPU
		{25AF6D44-785C-4C6E-A7CA-9EFC59694E78}.Release|x64.Deploy.0 = Release|Any CPU
		{25AF6D44-785C-4C6E-A7CA-9EFC59694E78}.Release|x86.ActiveCfg = Release|x86
		{25AF6D44-785C-4C6E-A7CA-9EFC59694E78}.Release|x86.Build.0 = Release|x86
		{25AF6D44-785C-4C6E-A7CA-9EFC59694E78}.Release|x86.Deploy.0 = Release|x86
		{65C6CB67-E141-4FF4-98D9-2BE187DCDD84}.Ad-Hoc|Any CPU.ActiveCfg = Release|Any CPU
		{65C6CB67-E141-4FF4-98D9-2BE187DCDD84}.Ad-Hoc|Any CPU.Build.0 = Release|Any CPU
		{65C6CB67-E141-4FF4-98D9-2BE187DCDD84}.Ad-Hoc|Any CPU.Deploy.0 = Release|Any CPU
		{65C6CB67-E141-4FF4-98D9-2BE187DCDD84}.Ad-Hoc|ARM.ActiveCfg = Release|ARM
		{65C6CB67-E141-4FF4-98D9-2BE187DCDD84}.Ad-Hoc|ARM.Build.0 = Release|ARM
		{65C6CB67-E141-4FF4-98D9-2BE187DCDD84}.Ad-Hoc|ARM.Deploy.0 = Release|ARM
		{65C6CB67-E141-4FF4-98D9-2BE187DCDD84}.Ad-Hoc|iPhone.ActiveCfg = Release|Any CPU
		{65C6CB67-E141-4FF4-98D9-2BE187DCDD84}.Ad-Hoc|iPhone.Build.0 = Release|Any CPU
		{65C6CB67-E141-4FF4-98D9-2BE187DCDD84}.Ad-Hoc|iPhone.Deploy.0 = Release|Any CPU
		{65C6CB67-E141-4FF4-98D9-2BE187DCDD84}.Ad-Hoc|iPhoneSimulator.ActiveCfg = Release|Any CPU
		{65C6CB67-E141-4FF4-98D9-2BE187DCDD84}.Ad-Hoc|iPhoneSimulator.Build.0 = Release|Any CPU
		{65C6CB67-E141-4FF4-98D9-2BE187DCDD84}.Ad-Hoc|iPhoneSimulator.Deploy.0 = Release|Any CPU
		{65C6CB67-E141-4FF4-98D9-2BE187DCDD84}.Ad-Hoc|x64.ActiveCfg = Release|x64
		{65C6CB67-E141-4FF4-98D9-2BE187DCDD84}.Ad-Hoc|x64.Build.0 = Release|x64
		{65C6CB67-E141-4FF4-98D9-2BE187DCDD84}.Ad-Hoc|x64.Deploy.0 = Release|x64
		{65C6CB67-E141-4FF4-98D9-2BE187DCDD84}.Ad-Hoc|x86.ActiveCfg = Release|x86
		{65C6CB67-E141-4FF4-98D9-2BE187DCDD84}.Ad-Hoc|x86.Build.0 = Release|x86
		{65C6CB67-E141-4FF4-98D9-2BE187DCDD84}.Ad-Hoc|x86.Deploy.0 = Release|x86
		{65C6CB67-E141-4FF4-98D9-2BE187DCDD84}.AppStore|Any CPU.ActiveCfg = Release|Any CPU
		{65C6CB67-E141-4FF4-98D9-2BE187DCDD84}.AppStore|Any CPU.Build.0 = Release|Any CPU
		{65C6CB67-E141-4FF4-98D9-2BE187DCDD84}.AppStore|Any CPU.Deploy.0 = Release|Any CPU
		{65C6CB67-E141-4FF4-98D9-2BE187DCDD84}.AppStore|ARM.ActiveCfg = Release|ARM
		{65C6CB67-E141-4FF4-98D9-2BE187DCDD84}.AppStore|ARM.Build.0 = Release|ARM
		{65C6CB67-E141-4FF4-98D9-2BE187DCDD84}.AppStore|ARM.Deploy.0 = Release|ARM
		{65C6CB67-E141-4FF4-98D9-2BE187DCDD84}.AppStore|iPhone.ActiveCfg = Release|Any CPU
		{65C6CB67-E141-4FF4-98D9-2BE187DCDD84}.AppStore|iPhone.Build.0 = Release|Any CPU
		{65C6CB67-E141-4FF4-98D9-2BE187DCDD84}.AppStore|iPhone.Deploy.0 = Release|Any CPU
		{65C6CB67-E141-4FF4-98D9-2BE187DCDD84}.AppStore|iPhoneSimulator.ActiveCfg = Release|Any CPU
		{65C6CB67-E141-4FF4-98D9-2BE187DCDD84}.AppStore|iPhoneSimulator.Build.0 = Release|Any CPU
		{65C6CB67-E141-4FF4-98D9-2BE187DCDD84}.AppStore|iPhoneSimulator.Deploy.0 = Release|Any CPU
		{65C6CB67-E141-4FF4-98D9-2BE187DCDD84}.AppStore|x64.ActiveCfg = Release|x64
		{65C6CB67-E141-4FF4-98D9-2BE187DCDD84}.AppStore|x64.Build.0 = Release|x64
		{65C6CB67-E141-4FF4-98D9-2BE187DCDD84}.AppStore|x64.Deploy.0 = Release|x64
		{65C6CB67-E141-4FF4-98D9-2BE187DCDD84}.AppStore|x86.ActiveCfg = Release|x86
		{65C6CB67-E141-4FF4-98D9-2BE187DCDD84}.AppStore|x86.Build.0 = Release|x86
		{65C6CB67-E141-4FF4-98D9-2BE187DCDD84}.AppStore|x86.Deploy.0 = Release|x86
		{65C6CB67-E141-4FF4-98D9-2BE187DCDD84}.Debug|Any CPU.ActiveCfg = Debug|Any CPU
		{65C6CB67-E141-4FF4-98D9-2BE187DCDD84}.Debug|Any CPU.Build.0 = Debug|Any CPU
		{65C6CB67-E141-4FF4-98D9-2BE187DCDD84}.Debug|Any CPU.Deploy.0 = Debug|Any CPU
		{65C6CB67-E141-4FF4-98D9-2BE187DCDD84}.Debug|ARM.ActiveCfg = Debug|ARM
		{65C6CB67-E141-4FF4-98D9-2BE187DCDD84}.Debug|ARM.Build.0 = Debug|ARM
		{65C6CB67-E141-4FF4-98D9-2BE187DCDD84}.Debug|ARM.Deploy.0 = Debug|ARM
		{65C6CB67-E141-4FF4-98D9-2BE187DCDD84}.Debug|iPhone.ActiveCfg = Debug|Any CPU
		{65C6CB67-E141-4FF4-98D9-2BE187DCDD84}.Debug|iPhone.Build.0 = Debug|Any CPU
		{65C6CB67-E141-4FF4-98D9-2BE187DCDD84}.Debug|iPhone.Deploy.0 = Debug|Any CPU
		{65C6CB67-E141-4FF4-98D9-2BE187DCDD84}.Debug|iPhoneSimulator.ActiveCfg = Debug|Any CPU
		{65C6CB67-E141-4FF4-98D9-2BE187DCDD84}.Debug|iPhoneSimulator.Build.0 = Debug|Any CPU
		{65C6CB67-E141-4FF4-98D9-2BE187DCDD84}.Debug|iPhoneSimulator.Deploy.0 = Debug|Any CPU
		{65C6CB67-E141-4FF4-98D9-2BE187DCDD84}.Debug|x64.ActiveCfg = Debug|x64
		{65C6CB67-E141-4FF4-98D9-2BE187DCDD84}.Debug|x64.Build.0 = Debug|x64
		{65C6CB67-E141-4FF4-98D9-2BE187DCDD84}.Debug|x64.Deploy.0 = Debug|x64
		{65C6CB67-E141-4FF4-98D9-2BE187DCDD84}.Debug|x86.ActiveCfg = Debug|x86
		{65C6CB67-E141-4FF4-98D9-2BE187DCDD84}.Debug|x86.Build.0 = Debug|x86
		{65C6CB67-E141-4FF4-98D9-2BE187DCDD84}.Debug|x86.Deploy.0 = Debug|x86
		{65C6CB67-E141-4FF4-98D9-2BE187DCDD84}.Release|Any CPU.ActiveCfg = Release|Any CPU
		{65C6CB67-E141-4FF4-98D9-2BE187DCDD84}.Release|Any CPU.Build.0 = Release|Any CPU
		{65C6CB67-E141-4FF4-98D9-2BE187DCDD84}.Release|Any CPU.Deploy.0 = Release|Any CPU
		{65C6CB67-E141-4FF4-98D9-2BE187DCDD84}.Release|ARM.ActiveCfg = Release|ARM
		{65C6CB67-E141-4FF4-98D9-2BE187DCDD84}.Release|ARM.Build.0 = Release|ARM
		{65C6CB67-E141-4FF4-98D9-2BE187DCDD84}.Release|ARM.Deploy.0 = Release|ARM
		{65C6CB67-E141-4FF4-98D9-2BE187DCDD84}.Release|iPhone.ActiveCfg = Release|Any CPU
		{65C6CB67-E141-4FF4-98D9-2BE187DCDD84}.Release|iPhone.Build.0 = Release|Any CPU
		{65C6CB67-E141-4FF4-98D9-2BE187DCDD84}.Release|iPhone.Deploy.0 = Release|Any CPU
		{65C6CB67-E141-4FF4-98D9-2BE187DCDD84}.Release|iPhoneSimulator.ActiveCfg = Release|Any CPU
		{65C6CB67-E141-4FF4-98D9-2BE187DCDD84}.Release|iPhoneSimulator.Build.0 = Release|Any CPU
		{65C6CB67-E141-4FF4-98D9-2BE187DCDD84}.Release|iPhoneSimulator.Deploy.0 = Release|Any CPU
		{65C6CB67-E141-4FF4-98D9-2BE187DCDD84}.Release|x64.ActiveCfg = Release|x64
		{65C6CB67-E141-4FF4-98D9-2BE187DCDD84}.Release|x64.Build.0 = Release|x64
		{65C6CB67-E141-4FF4-98D9-2BE187DCDD84}.Release|x64.Deploy.0 = Release|x64
		{65C6CB67-E141-4FF4-98D9-2BE187DCDD84}.Release|x86.ActiveCfg = Release|x86
		{65C6CB67-E141-4FF4-98D9-2BE187DCDD84}.Release|x86.Build.0 = Release|x86
		{65C6CB67-E141-4FF4-98D9-2BE187DCDD84}.Release|x86.Deploy.0 = Release|x86
		{A1422F45-003C-4DB7-8257-E842769008F5}.Ad-Hoc|Any CPU.ActiveCfg = Release|Any CPU
		{A1422F45-003C-4DB7-8257-E842769008F5}.Ad-Hoc|Any CPU.Build.0 = Release|Any CPU
		{A1422F45-003C-4DB7-8257-E842769008F5}.Ad-Hoc|ARM.ActiveCfg = Release|Any CPU
		{A1422F45-003C-4DB7-8257-E842769008F5}.Ad-Hoc|ARM.Build.0 = Release|Any CPU
		{A1422F45-003C-4DB7-8257-E842769008F5}.Ad-Hoc|iPhone.ActiveCfg = Release|Any CPU
		{A1422F45-003C-4DB7-8257-E842769008F5}.Ad-Hoc|iPhone.Build.0 = Release|Any CPU
		{A1422F45-003C-4DB7-8257-E842769008F5}.Ad-Hoc|iPhoneSimulator.ActiveCfg = Release|Any CPU
		{A1422F45-003C-4DB7-8257-E842769008F5}.Ad-Hoc|iPhoneSimulator.Build.0 = Release|Any CPU
		{A1422F45-003C-4DB7-8257-E842769008F5}.Ad-Hoc|x64.ActiveCfg = Release|Any CPU
		{A1422F45-003C-4DB7-8257-E842769008F5}.Ad-Hoc|x64.Build.0 = Release|Any CPU
		{A1422F45-003C-4DB7-8257-E842769008F5}.Ad-Hoc|x86.ActiveCfg = Release|Any CPU
		{A1422F45-003C-4DB7-8257-E842769008F5}.Ad-Hoc|x86.Build.0 = Release|Any CPU
		{A1422F45-003C-4DB7-8257-E842769008F5}.AppStore|Any CPU.ActiveCfg = Release|Any CPU
		{A1422F45-003C-4DB7-8257-E842769008F5}.AppStore|Any CPU.Build.0 = Release|Any CPU
		{A1422F45-003C-4DB7-8257-E842769008F5}.AppStore|ARM.ActiveCfg = Release|Any CPU
		{A1422F45-003C-4DB7-8257-E842769008F5}.AppStore|ARM.Build.0 = Release|Any CPU
		{A1422F45-003C-4DB7-8257-E842769008F5}.AppStore|iPhone.ActiveCfg = Release|Any CPU
		{A1422F45-003C-4DB7-8257-E842769008F5}.AppStore|iPhone.Build.0 = Release|Any CPU
		{A1422F45-003C-4DB7-8257-E842769008F5}.AppStore|iPhoneSimulator.ActiveCfg = Release|Any CPU
		{A1422F45-003C-4DB7-8257-E842769008F5}.AppStore|iPhoneSimulator.Build.0 = Release|Any CPU
		{A1422F45-003C-4DB7-8257-E842769008F5}.AppStore|x64.ActiveCfg = Release|Any CPU
		{A1422F45-003C-4DB7-8257-E842769008F5}.AppStore|x64.Build.0 = Release|Any CPU
		{A1422F45-003C-4DB7-8257-E842769008F5}.AppStore|x86.ActiveCfg = Release|Any CPU
		{A1422F45-003C-4DB7-8257-E842769008F5}.AppStore|x86.Build.0 = Release|Any CPU
		{A1422F45-003C-4DB7-8257-E842769008F5}.Debug|Any CPU.ActiveCfg = Debug|Any CPU
		{A1422F45-003C-4DB7-8257-E842769008F5}.Debug|Any CPU.Build.0 = Debug|Any CPU
		{A1422F45-003C-4DB7-8257-E842769008F5}.Debug|ARM.ActiveCfg = Debug|Any CPU
		{A1422F45-003C-4DB7-8257-E842769008F5}.Debug|ARM.Build.0 = Debug|Any CPU
		{A1422F45-003C-4DB7-8257-E842769008F5}.Debug|iPhone.ActiveCfg = Debug|Any CPU
		{A1422F45-003C-4DB7-8257-E842769008F5}.Debug|iPhone.Build.0 = Debug|Any CPU
		{A1422F45-003C-4DB7-8257-E842769008F5}.Debug|iPhoneSimulator.ActiveCfg = Debug|Any CPU
		{A1422F45-003C-4DB7-8257-E842769008F5}.Debug|iPhoneSimulator.Build.0 = Debug|Any CPU
		{A1422F45-003C-4DB7-8257-E842769008F5}.Debug|x64.ActiveCfg = Debug|Any CPU
		{A1422F45-003C-4DB7-8257-E842769008F5}.Debug|x64.Build.0 = Debug|Any CPU
		{A1422F45-003C-4DB7-8257-E842769008F5}.Debug|x86.ActiveCfg = Debug|Any CPU
		{A1422F45-003C-4DB7-8257-E842769008F5}.Debug|x86.Build.0 = Debug|Any CPU
		{A1422F45-003C-4DB7-8257-E842769008F5}.Release|Any CPU.ActiveCfg = Release|Any CPU
		{A1422F45-003C-4DB7-8257-E842769008F5}.Release|Any CPU.Build.0 = Release|Any CPU
		{A1422F45-003C-4DB7-8257-E842769008F5}.Release|ARM.ActiveCfg = Release|Any CPU
		{A1422F45-003C-4DB7-8257-E842769008F5}.Release|ARM.Build.0 = Release|Any CPU
		{A1422F45-003C-4DB7-8257-E842769008F5}.Release|iPhone.ActiveCfg = Release|Any CPU
		{A1422F45-003C-4DB7-8257-E842769008F5}.Release|iPhone.Build.0 = Release|Any CPU
		{A1422F45-003C-4DB7-8257-E842769008F5}.Release|iPhoneSimulator.ActiveCfg = Release|Any CPU
		{A1422F45-003C-4DB7-8257-E842769008F5}.Release|iPhoneSimulator.Build.0 = Release|Any CPU
		{A1422F45-003C-4DB7-8257-E842769008F5}.Release|x64.ActiveCfg = Release|Any CPU
		{A1422F45-003C-4DB7-8257-E842769008F5}.Release|x64.Build.0 = Release|Any CPU
		{A1422F45-003C-4DB7-8257-E842769008F5}.Release|x86.ActiveCfg = Release|Any CPU
		{A1422F45-003C-4DB7-8257-E842769008F5}.Release|x86.Build.0 = Release|Any CPU
	EndGlobalSection
	GlobalSection(SolutionProperties) = preSolution
		HideSolutionNode = FALSE
	EndGlobalSection
EndGlobal
